
Microsoft Visual Studio Solution File, Format Version 12.00
# Visual Studio 15
Project("{FAE04EC0-301F-11D3-BF4B-00C04F79EFBC}") = "Assembly-CSharp", "Assembly-CSharp.csproj", "{314BF6EB-B90C-71F4-6E1A-6B59724BD216}"
EndProject
Global
	GlobalSection(SolutionConfigurationPlatforms) = preSolution
		Debug|Any CPU = Debug|Any CPU
		Release|Any CPU = Release|Any CPU
	EndGlobalSection
	GlobalSection(ProjectConfigurationPlatforms) = postSolution
		{314BF6EB-B90C-71F4-6E1A-6B59724BD216}.Debug|Any CPU.ActiveCfg = Debug|Any CPU
		{314BF6EB-B90C-71F4-6E1A-6B59724BD216}.Debug|Any CPU.Build.0 = Debug|Any CPU
		{314BF6EB-B90C-71F4-6E1A-6B59724BD216}.Release|Any CPU.ActiveCfg = Release|Any CPU
		{314BF6EB-B90C-71F4-6E1A-6B59724BD216}.Release|Any CPU.Build.0 = Release|Any CPU
	EndGlobalSection
	GlobalSection(SolutionProperties) = preSolution
		HideSolutionNode = FALSE
	EndGlobalSection
EndGlobal
